
Microsoft Visual Studio Solution File, Format Version 12.00
# Visual Studio Version 17
VisualStudioVersion = 17.3.32804.467
MinimumVisualStudioVersion = 10.0.40219.1
Project("{FAE04EC0-301F-11D3-BF4B-00C04F79EFBC}") = "ShellcodeInjection", "ShellcodeInjection.csproj", "{55834D4E-B30D-48BD-8039-D2CC75489E84}"
EndProject
Global
	GlobalSection(SolutionConfigurationPlatforms) = preSolution
		Debug|Any CPU = Debug|Any CPU
		Release|Any CPU = Release|Any CPU
	EndGlobalSection
	GlobalSection(ProjectConfigurationPlatforms) = postSolution
		{55834D4E-B30D-48BD-8039-D2CC75489E84}.Debug|Any CPU.ActiveCfg = Debug|Any CPU
		{55834D4E-B30D-48BD-8039-D2CC75489E84}.Debug|Any CPU.Build.0 = Debug|Any CPU
		{55834D4E-B30D-48BD-8039-D2CC75489E84}.Release|Any CPU.ActiveCfg = Release|Any CPU
		{55834D4E-B30D-48BD-8039-D2CC75489E84}.Release|Any CPU.Build.0 = Release|Any CPU
	EndGlobalSection
	GlobalSection(SolutionProperties) = preSolution
		HideSolutionNode = FALSE
	EndGlobalSection
	GlobalSection(ExtensibilityGlobals) = postSolution
		SolutionGuid = {AF4A8152-FBF8-479D-9CD9-1F1615EA72AA}
	EndGlobalSection
EndGlobal
